# This file is automatically @generated by Poetry 2.2.0 and should not be changed by hand.

[[package]]
name = "blake3"
version = "1.0.6"
description = ""
optional = false
python-versions = ">=3.8"
groups = ["main"]
files = [
    {file = "blake3-1.0.6-cp310-cp310-macosx_10_12_x86_64.whl", hash = "sha256:df2d3ebdb8c046e266215f2258d2a09897913527a0deccc071c5136a3d7cdd6a"},
    {file = "blake3-1.0.6-cp310-cp310-macosx_11_0_arm64.whl", hash = "sha256:a357b261561d1f4338aea019ed9e79bdec08e7d2e2db87399678ef8420625be9"},
    {file = "blake3-1.0.6-cp310-cp310-manylinux_2_17_aarch64.manylinux2014_aarch64.whl", hash = "sha256:d2bcda32b666d85d34885906f885c263cbe52cb57c8c64ce15b6418a93ed5248"},
    {file = "blake3-1.0.6-cp310-cp310-manylinux_2_17_armv7l.manylinux2014_armv7l.whl", hash = "sha256:37a786a9aa26f6a68df6a2bdd51ebb3d7338681cde607ec9b9889c546261f6d6"},
    {file = "blake3-1.0.6-cp310-cp310-manylinux_2_17_i686.manylinux2014_i686.whl", hash = "sha256:d7823d286766d19da9eb6f4b7e13649ac493606ae7caf0c1c72df289397fd98d"},
    {file = "blake3-1.0.6-cp310-cp310-manylinux_2_17_ppc64le.manylinux2014_ppc64le.whl", hash = "sha256:c565cee6aaf74dad8b17d0a7f78025a4f3b3b2459929ae92505b3c95e80d5e2f"},
    {file = "blake3-1.0.6-cp310-cp310-manylinux_2_17_s390x.manylinux2014_s390x.whl", hash = "sha256:6bf88dfd8113452d58468229ffbd7e55423cbd658b99848ed64dbbc05ca614e0"},
    {file = "blake3-1.0.6-cp310-cp310-manylinux_2_17_x86_64.manylinux2014_x86_64.whl", hash = "sha256:d700771c28e9d83ad985a9119c71da4f1522c4d078ac37f9cde7248c33059872"},
    {file = "blake3-1.0.6-cp310-cp310-musllinux_1_1_aarch64.whl", hash = "sha256:d4c562033fa9c99ef3e39f560b23a8b9796d78bbcf3ea05e3fb900bbb4e643c1"},
    {file = "blake3-1.0.6-cp310-cp310-musllinux_1_1_x86_64.whl", hash = "sha256:9d7395b85d1c9c3cd526b053cf68c371a3e6c8f0e61c4845e968a3cfa3d78171"},
    {file = "blake3-1.0.6-cp310-cp310-win32.whl", hash = "sha256:8960056810177d5e1ab55dfd01c8aa5c206b16162515b410fcd2415bc14b61fa"},
    {file = "blake3-1.0.6-cp310-cp310-win_amd64.whl", hash = "sha256:9406b63852f827e76a3573e9ee1e88a5c5535e4db5d931344e8fc6e9ad2e1d16"},
    {file = "blake3-1.0.6-cp311-cp311-macosx_10_12_x86_64.whl", hash = "sha256:237c8ed414f6d96a95cd05a142f88ab252f0d01594f4c883e9359dd4942e4419"},
    {file = "blake3-1.0.6-cp311-cp311-macosx_11_0_arm64.whl", hash = "sha256:38ca4dfcd1fb3e89d2b7ba84c959c4a227b861c49a3c646121c019cdbb8436cc"},
    {file = "blake3-1.0.6-cp311-cp311-manylinux_2_17_aarch64.manylinux2014_aarch64.whl", hash = "sha256:d88215ce315dc82f0d247150ee505d64e64644a435a0c40d0eda2e79f734696d"},
    {file = "blake3-1.0.6-cp311-cp311-manylinux_2_17_armv7l.manylinux2014_armv7l.whl", hash = "sha256:18e8b0f4a6f33bdc100475c477aaa73908fcd3f9554f513c32eda23e9a430c3c"},
    {file = "blake3-1.0.6-cp311-cp311-manylinux_2_17_i686.manylinux2014_i686.whl", hash = "sha256:fc2392fd8d667667b8cde3e375088ceac624ce6f6efd16ae1dd6301a2fb2962c"},
    {file = "blake3-1.0.6-cp311-cp311-manylinux_2_17_ppc64le.manylinux2014_ppc64le.whl", hash = "sha256:d87a2b81f645d834db890a33717f0ba0a3089961963562719be7536428751988"},
    {file = "blake3-1.0.6-cp311-cp311-manylinux_2_17_s390x.manylinux2014_s390x.whl", hash = "sha256:e4f30bc08dd0bf02f002615078bbb2d824c520ba6b1b3b314d4ed515e1d2242f"},
    {file = "blake3-1.0.6-cp311-cp311-manylinux_2_17_x86_64.manylinux2014_x86_64.whl", hash = "sha256:858ec7f9ac4b3f189db9dc72f77b84582d32c80a1d71a774161b8bbe304d91b6"},
    {file = "blake3-1.0.6-cp311-cp311-musllinux_1_1_aarch64.whl", hash = "sha256:cd49a5b80646b94619c4fba8e2ab59accf0603ba4f2614b1b579fc51352d66ef"},
    {file = "blake3-1.0.6-cp311-cp311-musllinux_1_1_x86_64.whl", hash = "sha256:86dcf36f74b68bf532261b56b8583379ba88ed24def7e3ce3df660b34e61174d"},
    {file = "blake3-1.0.6-cp311-cp311-win32.whl", hash = "sha256:5edd96d978864a9924496b139cba37b721b7c2890afb8738109492d00e9e16d9"},
    {file = "blake3-1.0.6-cp311-cp311-win_amd64.whl", hash = "sha256:f1a378824077d9560240438e41f64a5d4e533450a510e2326a1eea3234a33b99"},
    {file = "blake3-1.0.6-cp312-cp312-macosx_10_12_x86_64.whl", hash = "sha256:4c70bb1afab0345a8015879d18ee597c152497d7e1a7353d894a28bf3d636d9e"},
    {file = "blake3-1.0.6-cp312-cp312-macosx_11_0_arm64.whl", hash = "sha256:211838848851420f9e5ebc17092b55d796b9b73eed3dcbd4acce5b13dde7fadf"},
    {file = "blake3-1.0.6-cp312-cp312-manylinux_2_17_aarch64.manylinux2014_aarch64.whl", hash = "sha256:22bfabc91d90a6b4e96130357bdee2e33e8aa2f8603a9f6a4da6e742f5d7d472"},
    {file = "blake3-1.0.6-cp312-cp312-manylinux_2_17_armv7l.manylinux2014_armv7l.whl", hash = "sha256:09ebf4307b64739202a40205d2178b5e01ef31b784bcfe8dd37c74f679f6a423"},
    {file = "blake3-1.0.6-cp312-cp312-manylinux_2_17_i686.manylinux2014_i686.whl", hash = "sha256:65ea18c2daa408f0a770a7eb0b62966aa63fc0468a74ee9624720c9ab6a8519e"},
    {file = "blake3-1.0.6-cp312-cp312-manylinux_2_17_ppc64le.manylinux2014_ppc64le.whl", hash = "sha256:f78e50ef7f30e8fc0f9eedf76a7da6beabc5ed50265d22a926e0e1c0c1e8db67"},
    {file = "blake3-1.0.6-cp312-cp312-manylinux_2_17_s390x.manylinux2014_s390x.whl", hash = "sha256:73c2c18dc287eac11b4071770be99d16a562cd57fc9ba3b133c3c044f25aff02"},
    {file = "blake3-1.0.6-cp312-cp312-manylinux_2_17_x86_64.manylinux2014_x86_64.whl", hash = "sha256:338a904b728cc3641dfeea6b675f761051df7857d683f39c469735406f230e32"},
    {file = "blake3-1.0.6-cp312-cp312-musllinux_1_1_aarch64.whl", hash = "sha256:85e37b9fe1b1235292e87af8ee01e6fc758b4bd2ed6ac7745522b1cc524efc79"},
    {file = "blake3-1.0.6-cp312-cp312-musllinux_1_1_x86_64.whl", hash = "sha256:b54600a6c7b9f82b0dc19b532e4823b92b7538b152695cf9cd0c15c0ac5b00f8"},
    {file = "blake3-1.0.6-cp312-cp312-win32.whl", hash = "sha256:38d15bd00877c5175ae0f8d297d921a233348403f8daf20d6e8684fc626a26f2"},
    {file = "blake3-1.0.6-cp312-cp312-win_amd64.whl", hash = "sha256:b1786631f697dca4f6261dee28c26dc591babaa42f93a6dd40fd79f4a33eb8d8"},
    {file = "blake3-1.0.6-cp313-cp313-macosx_10_12_x86_64.whl", hash = "sha256:96f14763e9dddab000ee6c922caa59b06a5c415f63df0f299851965a2055e020"},
    {file = "blake3-1.0.6-cp313-cp313-macosx_11_0_arm64.whl", hash = "sha256:f74b45a2e6393d4356d7bcc67bc183177eab87f02b89d6d6a7f174eb966d65f9"},
    {file = "blake3-1.0.6-cp313-cp313-manylinux_2_17_aarch64.manylinux2014_aarch64.whl", hash = "sha256:c88396824bb6331bb00010ec0fd80583cd1fbaa982477f9cf87544432a9f67dc"},
    {file = "blake3-1.0.6-cp313-cp313-manylinux_2_17_armv7l.manylinux2014_armv7l.whl", hash = "sha256:e93c2d422013c954c3901e0b7ca7196f2f8a867f3d0c3e94a6ea0f51bc838bad"},
    {file = "blake3-1.0.6-cp313-cp313-manylinux_2_17_i686.manylinux2014_i686.whl", hash = "sha256:70d9287a2ff6633e3279a2dbd8390417b418eca21e7fd493fd9750bde1956368"},
    {file = "blake3-1.0.6-cp313-cp313-manylinux_2_17_ppc64le.manylinux2014_ppc64le.whl", hash = "sha256:f56356f17ffa4541d088d75de4757141c18918870026f75f3f51a6e083637c0e"},
    {file = "blake3-1.0.6-cp313-cp313-manylinux_2_17_s390x.manylinux2014_s390x.whl", hash = "sha256:5f716f03b19435edbc1205993b3e3e0fedfb566551cdc62001548579dedc2dcb"},
    {file = "blake3-1.0.6-cp313-cp313-manylinux_2_17_x86_64.manylinux2014_x86_64.whl", hash = "sha256:ab9b16fa48dfc2104f1e5d4c3e951f187f61ab1f66407712cee814113d23f7ea"},
    {file = "blake3-1.0.6-cp313-cp313-musllinux_1_1_aarch64.whl", hash = "sha256:cc12c9c0718f1f5cce981744a5de7360ab78781b786b0e57948ad7a5a5b7f6e2"},
    {file = "blake3-1.0.6-cp313-cp313-musllinux_1_1_x86_64.whl", hash = "sha256:a5d09357b72920f862db2722e2a2be614ca24fcd054ce8d5a3a5d6d3adf7b077"},
    {file = "blake3-1.0.6-cp313-cp313-win32.whl", hash = "sha256:e2ef9abef1296de13ef9cfffd81f7f4542661e2dd2b97446efe9e550f516bab3"},
    {file = "blake3-1.0.6-cp313-cp313-win_amd64.whl", hash = "sha256:aac7981058a321959da7a9d58887b011a470f75c9ad773e0e1f49d6a6bf867aa"},
    {file = "blake3-1.0.6-cp313-cp313t-macosx_10_12_x86_64.whl", hash = "sha256:f0b851a3750c41a684cab3059fa4a31f6f207e7ceb9cfc1d7d0c2fd376388141"},
    {file = "blake3-1.0.6-cp313-cp313t-macosx_11_0_arm64.whl", hash = "sha256:286a6eb9f5eebfe1860ba4b6f6251c11d2518bdeb7befd34c0593552cebdcf55"},
    {file = "blake3-1.0.6-cp313-cp313t-manylinux_2_17_aarch64.manylinux2014_aarch64.whl", hash = "sha256:d9134cf9de7e50e0f47d14dae0a38b58d8f74f3287c45b24e04b21d5a8d0eca4"},
    {file = "blake3-1.0.6-cp313-cp313t-manylinux_2_17_armv7l.manylinux2014_armv7l.whl", hash = "sha256:90dcad61f15aea8ddf565b9e0a7a960b27d3bade2c438216f6fa4a3aa0d2325d"},
    {file = "blake3-1.0.6-cp313-cp313t-manylinux_2_17_i686.manylinux2014_i686.whl", hash = "sha256:207b750903a86998f584f1253f16bdfd52f54135920e1c4a9e55702bb2de64a1"},
    {file = "blake3-1.0.6-cp313-cp313t-manylinux_2_17_ppc64le.manylinux2014_ppc64le.whl", hash = "sha256:abf85514f09894ee5a5fa58d3d49cb653820ebd81f62d62d5a2e1c659f67b0cc"},
    {file = "blake3-1.0.6-cp313-cp313t-manylinux_2_17_s390x.manylinux2014_s390x.whl", hash = "sha256:389269391e1affd36cb6ec4b6464e3f3c6cf38371bd769e7381399c104719d36"},
    {file = "blake3-1.0.6-cp313-cp313t-manylinux_2_17_x86_64.manylinux2014_x86_64.whl", hash = "sha256:42e935e832cf7857a0e0b32bfaee6d508a8771d613ebcfbbaa637ae0fb73fa70"},
    {file = "blake3-1.0.6-cp313-cp313t-musllinux_1_1_aarch64.whl", hash = "sha256:b962208ae4fa0adf999e5ebc26687c3b0a490e1f5d3e3d1c9e17b1e30d56e6d7"},
    {file = "blake3-1.0.6-cp313-cp313t-musllinux_1_1_x86_64.whl", hash = "sha256:54e09c90f6a16639c7f91988a19c7fd660e4e71c11e9a5403897d37361f6320d"},
    {file = "blake3-1.0.6-cp313-cp313t-win32.whl", hash = "sha256:866a36be05b864a06811da25c1170c707b27dfd434ada9dd69e6118f7c60b76b"},
    {file = "blake3-1.0.6-cp313-cp313t-win_amd64.whl", hash = "sha256:43dd20e4caf9be720b057170bcc9a457941a60d878ebe797da0cbf3c9b996cf0"},
    {file = "blake3-1.0.6-cp38-cp38-macosx_10_12_x86_64.whl", hash = "sha256:257444f686759e4a4da205e18f3c198c6a51d0a05e032cf7800e07d0d57c563a"},
    {file = "blake3-1.0.6-cp38-cp38-macosx_11_0_arm64.whl", hash = "sha256:d9568ac46d8bde3e8300c55e2ba02d8ee4835efa0b29e57aaedcd26acebba97d"},
    {file = "blake3-1.0.6-cp38-cp38-manylinux_2_17_aarch64.manylinux2014_aarch64.whl", hash = "sha256:ac10d355580f995f865bedcb7072e3df426ec563b65f56630e254ced5a4950f5"},
    {file = "blake3-1.0.6-cp38-cp38-manylinux_2_17_armv7l.manylinux2014_armv7l.whl", hash = "sha256:efb6e9e0ee571a57f7dc7a4557b294b1ce99222a6e261abcf56b04ab3f6de11f"},
    {file = "blake3-1.0.6-cp38-cp38-manylinux_2_17_i686.manylinux2014_i686.whl", hash = "sha256:deeac1eac12c25f794ba1a4780ee47a4b0d8af4a9ef6e5a0808ab28385fe1bd9"},
    {file = "blake3-1.0.6-cp38-cp38-manylinux_2_17_ppc64le.manylinux2014_ppc64le.whl", hash = "sha256:a94317c068bcdc201b3efec51e305d3f264111076fad7ba68bd04ebfaa35980e"},
    {file = "blake3-1.0.6-cp38-cp38-manylinux_2_17_s390x.manylinux2014_s390x.whl", hash = "sha256:9906601b34fe26e6ae348854908d831152d5ea0fcdbcd439a87a7bf7a181eef7"},
    {file = "blake3-1.0.6-cp38-cp38-manylinux_2_17_x86_64.manylinux2014_x86_64.whl", hash = "sha256:30cc5bbd22425b62053a1ed0d427693ab18f932f02b66233c621f9dd99218f9a"},
    {file = "blake3-1.0.6-cp38-cp38-musllinux_1_1_aarch64.whl", hash = "sha256:e4a74c57c15112c194358ec25b95feb0e7f08a3022a4929c159dd4f0810537b6"},
    {file = "blake3-1.0.6-cp38-cp38-musllinux_1_1_x86_64.whl", hash = "sha256:c58bc68c5a435cf6e599323e4efdbb285883c6c1ccddd579a5425f4906b6d1c1"},
    {file = "blake3-1.0.6-cp38-cp38-win32.whl", hash = "sha256:50d4b647780d8c33b0fb0188467835892a7e5ac950d8145306b3c5b3e4f5505e"},
    {file = "blake3-1.0.6-cp38-cp38-win_amd64.whl", hash = "sha256:15c8ccbe87effa1cca123f2afa428f48ec1fda6d61a278a06f13d7ff2c5a9457"},
    {file = "blake3-1.0.6-cp39-cp39-macosx_10_12_x86_64.whl", hash = "sha256:d9216a2f58a7ecb4de99792b2daf9881c7f5b294f9531d29996d3fdf638cd36b"},
    {file = "blake3-1.0.6-cp39-cp39-macosx_11_0_arm64.whl", hash = "sha256:1fea1ebb00f46f75e92fb434cb6efde90549bc268e228de27135a3da24c29b30"},
    {file = "blake3-1.0.6-cp39-cp39-manylinux_2_17_aarch64.manylinux2014_aarch64.whl", hash = "sha256:54c71d4d596f75f68535f0589dc94d1e717c778b8ab829107f1c46bce0ef474b"},
    {file = "blake3-1.0.6-cp39-cp39-manylinux_2_17_armv7l.manylinux2014_armv7l.whl", hash = "sha256:4113a6e7aa8a470fa6287125b07bc71f9fc894cb3b8b0e1664cfc61f61350c8d"},
    {file = "blake3-1.0.6-cp39-cp39-manylinux_2_17_i686.manylinux2014_i686.whl", hash = "sha256:3dc0d4e1495505d87699c60d159ba7c23a99ecb5367024dcc7904977ac821754"},
    {file = "blake3-1.0.6-cp39-cp39-manylinux_2_17_ppc64le.manylinux2014_ppc64le.whl", hash = "sha256:f4f5cec85793e0664f92c247c224249842e6166336242e667bf03a05d7290fb5"},
    {file = "blake3-1.0.6-cp39-cp39-manylinux_2_17_s390x.manylinux2014_s390x.whl", hash = "sha256:e155c82bbc4227c3cf3002556de0df9824369ef763629c8921fbc8159711a49f"},
    {file = "blake3-1.0.6-cp39-cp39-manylinux_2_17_x86_64.manylinux2014_x86_64.whl", hash = "sha256:32bc0fd63165ac08499df9a9d1f8e3118b39c26e5baf64d1b1e62961f5db50d7"},
    {file = "blake3-1.0.6-cp39-cp39-musllinux_1_1_aarch64.whl", hash = "sha256:fb5e5b8cb988e9482eb434e25dd00c0e993d197d0fcdb6827b167078dbf5013f"},
    {file = "blake3-1.0.6-cp39-cp39-musllinux_1_1_x86_64.whl", hash = "sha256:60c9b1d300340d90709d1550a8a41d3d181f14e25f961b5bf144ceff964b26fd"},
    {file = "blake3-1.0.6-cp39-cp39-win32.whl", hash = "sha256:36b0822b5efb90c8d013dbc85173a4adf8eda777429918549f61111323eb2d88"},
    {file = "blake3-1.0.6-cp39-cp39-win_amd64.whl", hash = "sha256:95156db51f93cf7341dc47868f91c354b7f52896d1be7daaea62bd50eecc4011"},
    {file = "blake3-1.0.6.tar.gz", hash = "sha256:e5a306e643a01755069fe70a2341ca8c8e715810a3517120c6db295c02e6919f"},
]

[[package]]
name = "click"
version = "8.2.1"
description = "Composable command line interface toolkit"
optional = false
python-versions = ">=3.10"
groups = ["main"]
files = [
    {file = "click-8.2.1-py3-none-any.whl", hash = "sha256:61a3265b914e850b85317d0b3109c7f8cd35a670f963866005d6ef1d5175a12b"},
    {file = "click-8.2.1.tar.gz", hash = "sha256:27c491cc05d968d271d5a1db13e3b5a184636d9d930f148c50b038f0d0646202"},
]

[package.dependencies]
colorama = {version = "*", markers = "platform_system == \"Windows\""}

[[package]]
name = "colorama"
version = "0.4.6"
description = "Cross-platform colored terminal text."
optional = false
python-versions = "!=3.0.*,!=3.1.*,!=3.2.*,!=3.3.*,!=3.4.*,!=3.5.*,!=3.6.*,>=2.7"
groups = ["main"]
markers = "platform_system == \"Windows\""
files = [
    {file = "colorama-0.4.6-py2.py3-none-any.whl", hash = "sha256:4f1d9991f5acc0ca119f9d443620b77f9d6b33703e51011c16baf57afb285fc6"},
    {file = "colorama-0.4.6.tar.gz", hash = "sha256:08695f5cb7ed6e0531a20572697297273c47b8cae5a63ffc6d6ed5c201be6e44"},
]

[[package]]
name = "markdown-it-py"
version = "4.0.0"
description = "Python port of markdown-it. Markdown parsing, done right!"
optional = false
python-versions = ">=3.10"
groups = ["main"]
files = [
    {file = "markdown_it_py-4.0.0-py3-none-any.whl", hash = "sha256:87327c59b172c5011896038353a81343b6754500a08cd7a4973bb48c6d578147"},
    {file = "markdown_it_py-4.0.0.tar.gz", hash = "sha256:cb0a2b4aa34f932c007117b194e945bd74e0ec24133ceb5bac59009cda1cb9f3"},
]

[package.dependencies]
mdurl = ">=0.1,<1.0"

[package.extras]
benchmarking = ["psutil", "pytest", "pytest-benchmark"]
compare = ["commonmark (>=0.9,<1.0)", "markdown (>=3.4,<4.0)", "markdown-it-pyrs", "mistletoe (>=1.0,<2.0)", "mistune (>=3.0,<4.0)", "panflute (>=2.3,<3.0)"]
linkify = ["linkify-it-py (>=1,<3)"]
plugins = ["mdit-py-plugins (>=0.5.0)"]
profiling = ["gprof2dot"]
rtd = ["ipykernel", "jupyter_sphinx", "mdit-py-plugins (>=0.5.0)", "myst-parser", "pyyaml", "sphinx", "sphinx-book-theme (>=1.0,<2.0)", "sphinx-copybutton", "sphinx-design"]
testing = ["coverage", "pytest", "pytest-cov", "pytest-regressions", "requests"]

[[package]]
name = "mdurl"
version = "0.1.2"
description = "Markdown URL utilities"
optional = false
python-versions = ">=3.7"
groups = ["main"]
files = [
    {file = "mdurl-0.1.2-py3-none-any.whl", hash = "sha256:84008a41e51615a49fc9966191ff91509e3c40b939176e643fd50a5c2196b8f8"},
    {file = "mdurl-0.1.2.tar.gz", hash = "sha256:bb413d29f5eea38f31dd4754dd7377d4465116fb207585f97bf925588687c1ba"},
]

[[package]]
name = "pygments"
version = "2.19.2"
description = "Pygments is a syntax highlighting package written in Python."
optional = false
python-versions = ">=3.8"
groups = ["main"]
files = [
    {file = "pygments-2.19.2-py3-none-any.whl", hash = "sha256:86540386c03d588bb81d44bc3928634ff26449851e99741617ecb9037ee5ec0b"},
    {file = "pygments-2.19.2.tar.gz", hash = "sha256:636cb2477cec7f8952536970bc533bc43743542f70392ae026374600add5b887"},
]

[package.extras]
windows-terminal = ["colorama (>=0.4.6)"]

[[package]]
name = "rich"
version = "14.1.0"
description = "Render rich text, tables, progress bars, syntax highlighting, markdown and more to the terminal"
optional = false
python-versions = ">=3.8.0"
groups = ["main"]
files = [
    {file = "rich-14.1.0-py3-none-any.whl", hash = "sha256:536f5f1785986d6dbdea3c75205c473f970777b4a0d6c6dd1b696aa05a3fa04f"},
    {file = "rich-14.1.0.tar.gz", hash = "sha256:e497a48b844b0320d45007cdebfeaeed8db2a4f4bcf49f15e455cfc4af11eaa8"},
]

[package.dependencies]
markdown-it-py = ">=2.2.0"
pygments = ">=2.13.0,<3.0.0"

[package.extras]
jupyter = ["ipywidgets (>=7.5.1,<9)"]

[[package]]
name = "shellingham"
version = "1.5.4"
description = "Tool to Detect Surrounding Shell"
optional = false
python-versions = ">=3.7"
groups = ["main"]
files = [
    {file = "shellingham-1.5.4-py2.py3-none-any.whl", hash = "sha256:7ecfff8f2fd72616f7481040475a65b2bf8af90a56c89140852d1120324e8686"},
    {file = "shellingham-1.5.4.tar.gz", hash = "sha256:8dbca0739d487e5bd35ab3ca4b36e11c4078f3a234bfce294b0a0291363404de"},
]

[[package]]
name = "typer"
version = "0.17.4"
description = "Typer, build great CLIs. Easy to code. Based on Python type hints."
optional = false
python-versions = ">=3.7"
groups = ["main"]
files = [
    {file = "typer-0.17.4-py3-none-any.whl", hash = "sha256:015534a6edaa450e7007eba705d5c18c3349dcea50a6ad79a5ed530967575824"},
    {file = "typer-0.17.4.tar.gz", hash = "sha256:b77dc07d849312fd2bb5e7f20a7af8985c7ec360c45b051ed5412f64d8dc1580"},
]

[package.dependencies]
click = ">=8.0.0"
rich = ">=10.11.0"
shellingham = ">=1.3.0"
typing-extensions = ">=3.7.4.3"

[[package]]
name = "typing-extensions"
version = "4.15.0"
description = "Backported and Experimental Type Hints for Python 3.9+"
optional = false
python-versions = ">=3.9"
groups = ["main"]
files = [
    {file = "typing_extensions-4.15.0-py3-none-any.whl", hash = "sha256:f0fa19c6845758ab08074a0cfa8b7aecb71c999ca73d62883bc25cc018c4e548"},
    {file = "typing_extensions-4.15.0.tar.gz", hash = "sha256:0cea48d173cc12fa28ecabc3b837ea3cf6f38c6d1136f85cbaaf598984861466"},
]

[[package]]
name = "zstandard"
version = "0.25.0"
description = "Zstandard bindings for Python"
optional = false
python-versions = ">=3.9"
groups = ["main"]
files = [
    {file = "zstandard-0.25.0-cp310-cp310-macosx_10_9_x86_64.whl", hash = "sha256:e59fdc271772f6686e01e1b3b74537259800f57e24280be3f29c8a0deb1904dd"},
    {file = "zstandard-0.25.0-cp310-cp310-macosx_11_0_arm64.whl", hash = "sha256:4d441506e9b372386a5271c64125f72d5df6d2a8e8a2a45a0ae09b03cb781ef7"},
    {file = "zstandard-0.25.0-cp310-cp310-manylinux2010_i686.manylinux2014_i686.manylinux_2_12_i686.manylinux_2_17_i686.whl", hash = "sha256:ab85470ab54c2cb96e176f40342d9ed41e58ca5733be6a893b730e7af9c40550"},
    {file = "zstandard-0.25.0-cp310-cp310-manylinux2014_aarch64.manylinux_2_17_aarch64.whl", hash = "sha256:e05ab82ea7753354bb054b92e2f288afb750e6b439ff6ca78af52939ebbc476d"},
    {file = "zstandard-0.25.0-cp310-cp310-manylinux2014_ppc64le.manylinux_2_17_ppc64le.whl", hash = "sha256:78228d8a6a1c177a96b94f7e2e8d012c55f9c760761980da16ae7546a15a8e9b"},
    {file = "zstandard-0.25.0-cp310-cp310-manylinux2014_s390x.manylinux_2_17_s390x.whl", hash = "sha256:2b6bd67528ee8b5c5f10255735abc21aa106931f0dbaf297c7be0c886353c3d0"},
    {file = "zstandard-0.25.0-cp310-cp310-manylinux2014_x86_64.manylinux_2_17_x86_64.whl", hash = "sha256:4b6d83057e713ff235a12e73916b6d356e3084fd3d14ced499d84240f3eecee0"},
    {file = "zstandard-0.25.0-cp310-cp310-musllinux_1_1_aarch64.whl", hash = "sha256:9174f4ed06f790a6869b41cba05b43eeb9a35f8993c4422ab853b705e8112bbd"},
    {file = "zstandard-0.25.0-cp310-cp310-musllinux_1_1_x86_64.whl", hash = "sha256:25f8f3cd45087d089aef5ba3848cd9efe3ad41163d3400862fb42f81a3a46701"},
    {file = "zstandard-0.25.0-cp310-cp310-musllinux_1_2_aarch64.whl", hash = "sha256:3756b3e9da9b83da1796f8809dd57cb024f838b9eeafde28f3cb472012797ac1"},
    {file = "zstandard-0.25.0-cp310-cp310-musllinux_1_2_i686.whl", hash = "sha256:81dad8d145d8fd981b2962b686b2241d3a1ea07733e76a2f15435dfb7fb60150"},
    {file = "zstandard-0.25.0-cp310-cp310-musllinux_1_2_ppc64le.whl", hash = "sha256:a5a419712cf88862a45a23def0ae063686db3d324cec7edbe40509d1a79a0aab"},
    {file = "zstandard-0.25.0-cp310-cp310-musllinux_1_2_s390x.whl", hash = "sha256:e7360eae90809efd19b886e59a09dad07da4ca9ba096752e61a2e03c8aca188e"},
    {file = "zstandard-0.25.0-cp310-cp310-musllinux_1_2_x86_64.whl", hash = "sha256:75ffc32a569fb049499e63ce68c743155477610532da1eb38e7f24bf7cd29e74"},
    {file = "zstandard-0.25.0-cp310-cp310-win32.whl", hash = "sha256:106281ae350e494f4ac8a80470e66d1fe27e497052c8d9c3b95dc4cf1ade81aa"},
    {file = "zstandard-0.25.0-cp310-cp310-win_amd64.whl", hash = "sha256:ea9d54cc3d8064260114a0bbf3479fc4a98b21dffc89b3459edd506b69262f6e"},
    {file = "zstandard-0.25.0-cp311-cp311-macosx_10_9_x86_64.whl", hash = "sha256:933b65d7680ea337180733cf9e87293cc5500cc0eb3fc8769f4d3c88d724ec5c"},
    {file = "zstandard-0.25.0-cp311-cp311-macosx_11_0_arm64.whl", hash = "sha256:a3f79487c687b1fc69f19e487cd949bf3aae653d181dfb5fde3bf6d18894706f"},
    {file = "zstandard-0.25.0-cp311-cp311-manylinux2010_i686.manylinux2014_i686.manylinux_2_12_i686.manylinux_2_17_i686.whl", hash = "sha256:0bbc9a0c65ce0eea3c34a691e3c4b6889f5f3909ba4822ab385fab9057099431"},
    {file = "zstandard-0.25.0-cp311-cp311-manylinux2014_aarch64.manylinux_2_17_aarch64.whl", hash = "sha256:01582723b3ccd6939ab7b3a78622c573799d5d8737b534b86d0e06ac18dbde4a"},
    {file = "zstandard-0.25.0-cp311-cp311-manylinux2014_ppc64le.manylinux_2_17_ppc64le.whl", hash = "sha256:5f1ad7bf88535edcf30038f6919abe087f606f62c00a87d7e33e7fc57cb69fcc"},
    {file = "zstandard-0.25.0-cp311-cp311-manylinux2014_s390x.manylinux_2_17_s390x.whl", hash = "sha256:06acb75eebeedb77b69048031282737717a63e71e4ae3f77cc0c3b9508320df6"},
    {file = "zstandard-0.25.0-cp311-cp311-manylinux2014_x86_64.manylinux_2_17_x86_64.whl", hash = "sha256:9300d02ea7c6506f00e627e287e0492a5eb0371ec1670ae852fefffa6164b072"},
    {file = "zstandard-0.25.0-cp311-cp311-musllinux_1_1_aarch64.whl", hash = "sha256:bfd06b1c5584b657a2892a6014c2f4c20e0db0208c159148fa78c65f7e0b0277"},
    {file = "zstandard-0.25.0-cp311-cp311-musllinux_1_1_x86_64.whl", hash = "sha256:f373da2c1757bb7f1acaf09369cdc1d51d84131e50d5fa9863982fd626466313"},
    {file = "zstandard-0.25.0-cp311-cp311-musllinux_1_2_aarch64.whl", hash = "sha256:6c0e5a65158a7946e7a7affa6418878ef97ab66636f13353b8502d7ea03c8097"},
    {file = "zstandard-0.25.0-cp311-cp311-musllinux_1_2_i686.whl", hash = "sha256:c8e167d5adf59476fa3e37bee730890e389410c354771a62e3c076c86f9f7778"},
    {file = "zstandard-0.25.0-cp311-cp311-musllinux_1_2_ppc64le.whl", hash = "sha256:98750a309eb2f020da61e727de7d7ba3c57c97cf6213f6f6277bb7fb42a8e065"},
    {file = "zstandard-0.25.0-cp311-cp311-musllinux_1_2_s390x.whl", hash = "sha256:22a086cff1b6ceca18a8dd6096ec631e430e93a8e70a9ca5efa7561a00f826fa"},
    {file = "zstandard-0.25.0-cp311-cp311-musllinux_1_2_x86_64.whl", hash = "sha256:72d35d7aa0bba323965da807a462b0966c91608ef3a48ba761678cb20ce5d8b7"},
    {file = "zstandard-0.25.0-cp311-cp311-win32.whl", hash = "sha256:f5aeea11ded7320a84dcdd62a3d95b5186834224a9e55b92ccae35d21a8b63d4"},
    {file = "zstandard-0.25.0-cp311-cp311-win_amd64.whl", hash = "sha256:daab68faadb847063d0c56f361a289c4f268706b598afbf9ad113cbe5c38b6b2"},
    {file = "zstandard-0.25.0-cp311-cp311-win_arm64.whl", hash = "sha256:22a06c5df3751bb7dc67406f5374734ccee8ed37fc5981bf1ad7041831fa1137"},
    {file = "zstandard-0.25.0-cp312-cp312-macosx_10_13_x86_64.whl", hash = "sha256:7b3c3a3ab9daa3eed242d6ecceead93aebbb8f5f84318d82cee643e019c4b73b"},
    {file = "zstandard-0.25.0-cp312-cp312-macosx_11_0_arm64.whl", hash = "sha256:913cbd31a400febff93b564a23e17c3ed2d56c064006f54efec210d586171c00"},
    {file = "zstandard-0.25.0-cp312-cp312-manylinux2010_i686.manylinux2014_i686.manylinux_2_12_i686.manylinux_2_17_i686.whl", hash = "sha256:011d388c76b11a0c165374ce660ce2c8efa8e5d87f34996aa80f9c0816698b64"},
    {file = "zstandard-0.25.0-cp312-cp312-manylinux2014_aarch64.manylinux_2_17_aarch64.whl", hash = "sha256:6dffecc361d079bb48d7caef5d673c88c8988d3d33fb74ab95b7ee6da42652ea"},
    {file = "zstandard-0.25.0-cp312-cp312-manylinux2014_ppc64le.manylinux_2_17_ppc64le.whl", hash = "sha256:7149623bba7fdf7e7f24312953bcf73cae103db8cae49f8154dd1eadc8a29ecb"},
    {file = "zstandard-0.25.0-cp312-cp312-manylinux2014_s390x.manylinux_2_17_s390x.whl", hash = "sha256:6a573a35693e03cf1d67799fd01b50ff578515a8aeadd4595d2a7fa9f3ec002a"},
    {file = "zstandard-0.25.0-cp312-cp312-manylinux2014_x86_64.manylinux_2_17_x86_64.whl", hash = "sha256:5a56ba0db2d244117ed744dfa8f6f5b366e14148e00de44723413b2f3938a902"},
    {file = "zstandard-0.25.0-cp312-cp312-musllinux_1_1_aarch64.whl", hash = "sha256:10ef2a79ab8e2974e2075fb984e5b9806c64134810fac21576f0668e7ea19f8f"},
    {file = "zstandard-0.25.0-cp312-cp312-musllinux_1_1_x86_64.whl", hash = "sha256:aaf21ba8fb76d102b696781bddaa0954b782536446083ae3fdaa6f16b25a1c4b"},
    {file = "zstandard-0.25.0-cp312-cp312-musllinux_1_2_aarch64.whl", hash = "sha256:1869da9571d5e94a85a5e8d57e4e8807b175c9e4a6294e3b66fa4efb074d90f6"},
    {file = "zstandard-0.25.0-cp312-cp312-musllinux_1_2_i686.whl", hash = "sha256:809c5bcb2c67cd0ed81e9229d227d4ca28f82d0f778fc5fea624a9def3963f91"},
    {file = "zstandard-0.25.0-cp312-cp312-musllinux_1_2_ppc64le.whl", hash = "sha256:f27662e4f7dbf9f9c12391cb37b4c4c3cb90ffbd3b1fb9284dadbbb8935fa708"},
    {file = "zstandard-0.25.0-cp312-cp312-musllinux_1_2_s390x.whl", hash = "sha256:99c0c846e6e61718715a3c9437ccc625de26593fea60189567f0118dc9db7512"},
    {file = "zstandard-0.25.0-cp312-cp312-musllinux_1_2_x86_64.whl", hash = "sha256:474d2596a2dbc241a556e965fb76002c1ce655445e4e3bf38e5477d413165ffa"},
    {file = "zstandard-0.25.0-cp312-cp312-win32.whl", hash = "sha256:23ebc8f17a03133b4426bcc04aabd68f8236eb78c3760f12783385171b0fd8bd"},
    {file = "zstandard-0.25.0-cp312-cp312-win_amd64.whl", hash = "sha256:ffef5a74088f1e09947aecf91011136665152e0b4b359c42be3373897fb39b01"},
    {file = "zstandard-0.25.0-cp312-cp312-win_arm64.whl", hash = "sha256:181eb40e0b6a29b3cd2849f825e0fa34397f649170673d385f3598ae17cca2e9"},
    {file = "zstandard-0.25.0-cp313-cp313-macosx_10_13_x86_64.whl", hash = "sha256:ec996f12524f88e151c339688c3897194821d7f03081ab35d31d1e12ec975e94"},
    {file = "zstandard-0.25.0-cp313-cp313-macosx_11_0_arm64.whl", hash = "sha256:a1a4ae2dec3993a32247995bdfe367fc3266da832d82f8438c8570f989753de1"},
    {file = "zstandard-0.25.0-cp313-cp313-manylinux2010_i686.manylinux2014_i686.manylinux_2_12_i686.manylinux_2_17_i686.whl", hash = "sha256:e96594a5537722fdfb79951672a2a63aec5ebfb823e7560586f7484819f2a08f"},
    {file = "zstandard-0.25.0-cp313-cp313-manylinux2014_aarch64.manylinux_2_17_aarch64.whl", hash = "sha256:bfc4e20784722098822e3eee42b8e576b379ed72cca4a7cb856ae733e62192ea"},
    {file = "zstandard-0.25.0-cp313-cp313-manylinux2014_ppc64le.manylinux_2_17_ppc64le.whl", hash = "sha256:457ed498fc58cdc12fc48f7950e02740d4f7ae9493dd4ab2168a47c93c31298e"},
    {file = "zstandard-0.25.0-cp313-cp313-manylinux2014_s390x.manylinux_2_17_s390x.whl", hash = "sha256:fd7a5004eb1980d3cefe26b2685bcb0b17989901a70a1040d1ac86f1d898c551"},
    {file = "zstandard-0.25.0-cp313-cp313-manylinux2014_x86_64.manylinux_2_17_x86_64.whl", hash = "sha256:8e735494da3db08694d26480f1493ad2cf86e99bdd53e8e9771b2752a5c0246a"},
    {file = "zstandard-0.25.0-cp313-cp313-musllinux_1_1_aarch64.whl", hash = "sha256:3a39c94ad7866160a4a46d772e43311a743c316942037671beb264e395bdd611"},
    {file = "zstandard-0.25.0-cp313-cp313-musllinux_1_1_x86_64.whl", hash = "sha256:172de1f06947577d3a3005416977cce6168f2261284c02080e7ad0185faeced3"},
    {file = "zstandard-0.25.0-cp313-cp313-musllinux_1_2_aarch64.whl", hash = "sha256:3c83b0188c852a47cd13ef3bf9209fb0a77fa5374958b8c53aaa699398c6bd7b"},
    {file = "zstandard-0.25.0-cp313-cp313-musllinux_1_2_i686.whl", hash = "sha256:1673b7199bbe763365b81a4f3252b8e80f44c9e323fc42940dc8843bfeaf9851"},
    {file = "zstandard-0.25.0-cp313-cp313-musllinux_1_2_ppc64le.whl", hash = "sha256:0be7622c37c183406f3dbf0cba104118eb16a4ea7359eeb5752f0794882fc250"},
    {file = "zstandard-0.25.0-cp313-cp313-musllinux_1_2_s390x.whl", hash = "sha256:5f5e4c2a23ca271c218ac025bd7d635597048b366d6f31f420aaeb715239fc98"},
    {file = "zstandard-0.25.0-cp313-cp313-musllinux_1_2_x86_64.whl", hash = "sha256:4f187a0bb61b35119d1926aee039524d1f93aaf38a9916b8c4b78ac8514a0aaf"},
    {file = "zstandard-0.25.0-cp313-cp313-win32.whl", hash = "sha256:7030defa83eef3e51ff26f0b7bfb229f0204b66fe18e04359ce3474ac33cbc09"},
    {file = "zstandard-0.25.0-cp313-cp313-win_amd64.whl", hash = "sha256:1f830a0dac88719af0ae43b8b2d6aef487d437036468ef3c2ea59c51f9d55fd5"},
    {file = "zstandard-0.25.0-cp313-cp313-win_arm64.whl", hash = "sha256:85304a43f4d513f5464ceb938aa02c1e78c2943b29f44a750b48b25ac999a049"},
    {file = "zstandard-0.25.0-cp314-cp314-macosx_10_13_x86_64.whl", hash = "sha256:e29f0cf06974c899b2c188ef7f783607dbef36da4c242eb6c82dcd8b512855e3"},
    {file = "zstandard-0.25.0-cp314-cp314-macosx_11_0_arm64.whl", hash = "sha256:05df5136bc5a011f33cd25bc9f506e7426c0c9b3f9954f056831ce68f3b6689f"},
    {file = "zstandard-0.25.0-cp314-cp314-manylinux2010_i686.manylinux_2_12_i686.manylinux_2_28_i686.whl", hash = "sha256:f604efd28f239cc21b3adb53eb061e2a205dc164be408e553b41ba2ffe0ca15c"},
    {file = "zstandard-0.25.0-cp314-cp314-manylinux2014_aarch64.manylinux_2_17_aarch64.manylinux_2_28_aarch64.whl", hash = "sha256:223415140608d0f0da010499eaa8ccdb9af210a543fac54bce15babbcfc78439"},
    {file = "zstandard-0.25.0-cp314-cp314-manylinux2014_ppc64le.manylinux_2_17_ppc64le.manylinux_2_28_ppc64le.whl", hash = "sha256:2e54296a283f3ab5a26fc9b8b5d4978ea0532f37b231644f367aa588930aa043"},
    {file = "zstandard-0.25.0-cp314-cp314-manylinux2014_s390x.manylinux_2_17_s390x.manylinux_2_28_s390x.whl", hash = "sha256:ca54090275939dc8ec5dea2d2afb400e0f83444b2fc24e07df7fdef677110859"},
    {file = "zstandard-0.25.0-cp314-cp314-manylinux2014_x86_64.manylinux_2_17_x86_64.manylinux_2_28_x86_64.whl", hash = "sha256:e09bb6252b6476d8d56100e8147b803befa9a12cea144bbe629dd508800d1ad0"},
    {file = "zstandard-0.25.0-cp314-cp314-musllinux_1_2_aarch64.whl", hash = "sha256:a9ec8c642d1ec73287ae3e726792dd86c96f5681eb8df274a757bf62b750eae7"},
    {file = "zstandard-0.25.0-cp314-cp314-musllinux_1_2_i686.whl", hash = "sha256:a4089a10e598eae6393756b036e0f419e8c1d60f44a831520f9af41c14216cf2"},
    {file = "zstandard-0.25.0-cp314-cp314-musllinux_1_2_ppc64le.whl", hash = "sha256:f67e8f1a324a900e75b5e28ffb152bcac9fbed1cc7b43f99cd90f395c4375344"},
    {file = "zstandard-0.25.0-cp314-cp314-musllinux_1_2_s390x.whl", hash = "sha256:9654dbc012d8b06fc3d19cc825af3f7bf8ae242226df5f83936cb39f5fdc846c"},
    {file = "zstandard-0.25.0-cp314-cp314-musllinux_1_2_x86_64.whl", hash = "sha256:4203ce3b31aec23012d3a4cf4a2ed64d12fea5269c49aed5e4c3611b938e4088"},
    {file = "zstandard-0.25.0-cp314-cp314-win32.whl", hash = "sha256:da469dc041701583e34de852d8634703550348d5822e66a0c827d39b05365b12"},
    {file = "zstandard-0.25.0-cp314-cp314-win_amd64.whl", hash = "sha256:c19bcdd826e95671065f8692b5a4aa95c52dc7a02a4c5a0cac46deb879a017a2"},
    {file = "zstandard-0.25.0-cp314-cp314-win_arm64.whl", hash = "sha256:d7541afd73985c630bafcd6338d2518ae96060075f9463d7dc14cfb33514383d"},
    {file = "zstandard-0.25.0-cp39-cp39-macosx_10_9_x86_64.whl", hash = "sha256:b9af1fe743828123e12b41dd8091eca1074d0c1569cc42e6e1eee98027f2bbd0"},
    {file = "zstandard-0.25.0-cp39-cp39-macosx_11_0_arm64.whl", hash = "sha256:4b14abacf83dfb5c25eb4e4a79520de9e7e205f72c9ee7702f91233ae57d33a2"},
    {file = "zstandard-0.25.0-cp39-cp39-manylinux2010_i686.manylinux2014_i686.manylinux_2_12_i686.manylinux_2_17_i686.whl", hash = "sha256:a51ff14f8017338e2f2e5dab738ce1ec3b5a851f23b18c1ae1359b1eecbee6df"},
    {file = "zstandard-0.25.0-cp39-cp39-manylinux2014_aarch64.manylinux_2_17_aarch64.whl", hash = "sha256:3b870ce5a02d4b22286cf4944c628e0f0881b11b3f14667c1d62185a99e04f53"},
    {file = "zstandard-0.25.0-cp39-cp39-manylinux2014_ppc64le.manylinux_2_17_ppc64le.whl", hash = "sha256:05353cef599a7b0b98baca9b068dd36810c3ef0f42bf282583f438caf6ddcee3"},
    {file = "zstandard-0.25.0-cp39-cp39-manylinux2014_s390x.manylinux_2_17_s390x.whl", hash = "sha256:19796b39075201d51d5f5f790bf849221e58b48a39a5fc74837675d8bafc7362"},
    {file = "zstandard-0.25.0-cp39-cp39-manylinux2014_x86_64.manylinux_2_17_x86_64.whl", hash = "sha256:53e08b2445a6bc241261fea89d065536f00a581f02535f8122eba42db9375530"},
    {file = "zstandard-0.25.0-cp39-cp39-musllinux_1_1_aarch64.whl", hash = "sha256:1f3689581a72eaba9131b1d9bdbfe520ccd169999219b41000ede2fca5c1bfdb"},
    {file = "zstandard-0.25.0-cp39-cp39-musllinux_1_1_x86_64.whl", hash = "sha256:d8c56bb4e6c795fc77d74d8e8b80846e1fb8292fc0b5060cd8131d522974b751"},
    {file = "zstandard-0.25.0-cp39-cp39-musllinux_1_2_aarch64.whl", hash = "sha256:53f94448fe5b10ee75d246497168e5825135d54325458c4bfffbaafabcc0a577"},
    {file = "zstandard-0.25.0-cp39-cp39-musllinux_1_2_i686.whl", hash = "sha256:c2ba942c94e0691467ab901fc51b6f2085ff48f2eea77b1a48240f011e8247c7"},
    {file = "zstandard-0.25.0-cp39-cp39-musllinux_1_2_ppc64le.whl", hash = "sha256:07b527a69c1e1c8b5ab1ab14e2afe0675614a09182213f21a0717b62027b5936"},
    {file = "zstandard-0.25.0-cp39-cp39-musllinux_1_2_s390x.whl", hash = "sha256:51526324f1b23229001eb3735bc8c94f9c578b1bd9e867a0a646a3b17109f388"},
    {file = "zstandard-0.25.0-cp39-cp39-musllinux_1_2_x86_64.whl", hash = "sha256:89c4b48479a43f820b749df49cd7ba2dbc2b1b78560ecb5ab52985574fd40b27"},
    {file = "zstandard-0.25.0-cp39-cp39-win32.whl", hash = "sha256:1cd5da4d8e8ee0e88be976c294db744773459d51bb32f707a0f166e5ad5c8649"},
    {file = "zstandard-0.25.0-cp39-cp39-win_amd64.whl", hash = "sha256:37daddd452c0ffb65da00620afb8e17abd4adaae6ce6310702841760c2c26860"},
    {file = "zstandard-0.25.0.tar.gz", hash = "sha256:7713e1179d162cf5c7906da876ec2ccb9c3a9dcbdffef0cc7f70c3667a205f0b"},
]

[package.extras]
cffi = ["cffi (>=1.17,<2.0) ; platform_python_implementation != \"PyPy\" and python_version < \"3.14\"", "cffi (>=2.0.0b) ; platform_python_implementation != \"PyPy\" and python_version >= \"3.14\""]

[metadata]
lock-version = "2.1"
python-versions = ">=3.13"
content-hash = "86deed09ff1ac48d1d1c4f77eab564e049d88f1b255e743987339bef749958bc"
